
Microsoft Visual Studio Solution File, Format Version 12.00
# Visual Studio Version 17
VisualStudioVersion = 17.7.34031.279
MinimumVisualStudioVersion = 10.0.40219.1
Project("{8BC9CEB8-8B4A-11D0-8D11-00A0C91BC942}") = "Class1th", "학원\학원.vcxproj", "{21F92126-33E9-4594-8700-5542D5B65B3E}"
EndProject
Project("{8BC9CEB8-8B4A-11D0-8D11-00A0C91BC942}") = "Class2th", "Class2th(constant)\Class2th(constant).vcxproj", "{7B32F577-D468-475C-91CC-BBEF4CFD07E5}"
EndProject
Project("{8BC9CEB8-8B4A-11D0-8D11-00A0C91BC942}") = "Class3th", "Class3th (Bit)\Class3th (Bit).vcxproj", "{BF1CED3E-84A6-488B-BBD2-EF51D0785D0D}"
EndProject
Project("{8BC9CEB8-8B4A-11D0-8D11-00A0C91BC942}") = "Class4th", "Class4th (Overflow  & underflow\Class4th (Overflow  & underflow.vcxproj", "{A54930BD-893E-4C95-930F-BAB6DA4D0FB8}"
EndProject
Project("{8BC9CEB8-8B4A-11D0-8D11-00A0C91BC942}") = "Class5th", "Class5th\Class5th.vcxproj", "{3FE61878-A3B2-4515-9793-2E6CCAF70985}"
EndProject
Project("{8BC9CEB8-8B4A-11D0-8D11-00A0C91BC942}") = "Class6th", "Class6th\Class6th.vcxproj", "{4C61BE8B-07F9-470D-9983-4FF432C73430}"
EndProject
Project("{8BC9CEB8-8B4A-11D0-8D11-00A0C91BC942}") = "Class7th", "Class7th\Class7th.vcxproj", "{9F6CF423-EB0D-4E43-80FA-CDD12F2E8BFC}"
EndProject
Project("{8BC9CEB8-8B4A-11D0-8D11-00A0C91BC942}") = "Class8th", "Class8th\Class8th.vcxproj", "{6972476A-1486-4503-9BB8-1638C4D46F45}"
EndProject
Project("{8BC9CEB8-8B4A-11D0-8D11-00A0C91BC942}") = "Class9th", "Class9th\Class9th.vcxproj", "{9399A5E2-6C97-4498-AD30-516244E3E0FE}"
EndProject
Project("{8BC9CEB8-8B4A-11D0-8D11-00A0C91BC942}") = "Class10th", "Class10th\Class10th.vcxproj", "{F90828EE-D1C3-4643-8057-EB7699DCEBE8}"
EndProject
Global
	GlobalSection(SolutionConfigurationPlatforms) = preSolution
		Debug|x64 = Debug|x64
		Debug|x86 = Debug|x86
		Release|x64 = Release|x64
		Release|x86 = Release|x86
	EndGlobalSection
	GlobalSection(ProjectConfigurationPlatforms) = postSolution
		{21F92126-33E9-4594-8700-5542D5B65B3E}.Debug|x64.ActiveCfg = Debug|x64
		{21F92126-33E9-4594-8700-5542D5B65B3E}.Debug|x64.Build.0 = Debug|x64
		{21F92126-33E9-4594-8700-5542D5B65B3E}.Debug|x86.ActiveCfg = Debug|Win32
		{21F92126-33E9-4594-8700-5542D5B65B3E}.Debug|x86.Build.0 = Debug|Win32
		{21F92126-33E9-4594-8700-5542D5B65B3E}.Release|x64.ActiveCfg = Release|x64
		{21F92126-33E9-4594-8700-5542D5B65B3E}.Release|x64.Build.0 = Release|x64
		{21F92126-33E9-4594-8700-5542D5B65B3E}.Release|x86.ActiveCfg = Release|Win32
		{21F92126-33E9-4594-8700-5542D5B65B3E}.Release|x86.Build.0 = Release|Win32
		{7B32F577-D468-475C-91CC-BBEF4CFD07E5}.Debug|x64.ActiveCfg = Debug|x64
		{7B32F577-D468-475C-91CC-BBEF4CFD07E5}.Debug|x64.Build.0 = Debug|x64
		{7B32F577-D468-475C-91CC-BBEF4CFD07E5}.Debug|x86.ActiveCfg = Debug|Win32
		{7B32F577-D468-475C-91CC-BBEF4CFD07E5}.Debug|x86.Build.0 = Debug|Win32
		{7B32F577-D468-475C-91CC-BBEF4CFD07E5}.Release|x64.ActiveCfg = Release|x64
		{7B32F577-D468-475C-91CC-BBEF4CFD07E5}.Release|x64.Build.0 = Release|x64
		{7B32F577-D468-475C-91CC-BBEF4CFD07E5}.Release|x86.ActiveCfg = Release|Win32
		{7B32F577-D468-475C-91CC-BBEF4CFD07E5}.Release|x86.Build.0 = Release|Win32
		{BF1CED3E-84A6-488B-BBD2-EF51D0785D0D}.Debug|x64.ActiveCfg = Debug|x64
		{BF1CED3E-84A6-488B-BBD2-EF51D0785D0D}.Debug|x64.Build.0 = Debug|x64
		{BF1CED3E-84A6-488B-BBD2-EF51D0785D0D}.Debug|x86.ActiveCfg = Debug|Win32
		{BF1CED3E-84A6-488B-BBD2-EF51D0785D0D}.Debug|x86.Build.0 = Debug|Win32
		{BF1CED3E-84A6-488B-BBD2-EF51D0785D0D}.Release|x64.ActiveCfg = Release|x64
		{BF1CED3E-84A6-488B-BBD2-EF51D0785D0D}.Release|x64.Build.0 = Release|x64
		{BF1CED3E-84A6-488B-BBD2-EF51D0785D0D}.Release|x86.ActiveCfg = Release|Win32
		{BF1CED3E-84A6-488B-BBD2-EF51D0785D0D}.Release|x86.Build.0 = Release|Win32
		{A54930BD-893E-4C95-930F-BAB6DA4D0FB8}.Debug|x64.ActiveCfg = Debug|x64
		{A54930BD-893E-4C95-930F-BAB6DA4D0FB8}.Debug|x64.Build.0 = Debug|x64
		{A54930BD-893E-4C95-930F-BAB6DA4D0FB8}.Debug|x86.ActiveCfg = Debug|Win32
		{A54930BD-893E-4C95-930F-BAB6DA4D0FB8}.Debug|x86.Build.0 = Debug|Win32
		{A54930BD-893E-4C95-930F-BAB6DA4D0FB8}.Release|x64.ActiveCfg = Release|x64
		{A54930BD-893E-4C95-930F-BAB6DA4D0FB8}.Release|x64.Build.0 = Release|x64
		{A54930BD-893E-4C95-930F-BAB6DA4D0FB8}.Release|x86.ActiveCfg = Release|Win32
		{A54930BD-893E-4C95-930F-BAB6DA4D0FB8}.Release|x86.Build.0 = Release|Win32
		{3FE61878-A3B2-4515-9793-2E6CCAF70985}.Debug|x64.ActiveCfg = Debug|x64
		{3FE61878-A3B2-4515-9793-2E6CCAF70985}.Debug|x64.Build.0 = Debug|x64
		{3FE61878-A3B2-4515-9793-2E6CCAF70985}.Debug|x86.ActiveCfg = Debug|Win32
		{3FE61878-A3B2-4515-9793-2E6CCAF70985}.Debug|x86.Build.0 = Debug|Win32
		{3FE61878-A3B2-4515-9793-2E6CCAF70985}.Release|x64.ActiveCfg = Release|x64
		{3FE61878-A3B2-4515-9793-2E6CCAF70985}.Release|x64.Build.0 = Release|x64
		{3FE61878-A3B2-4515-9793-2E6CCAF70985}.Release|x86.ActiveCfg = Release|Win32
		{3FE61878-A3B2-4515-9793-2E6CCAF70985}.Release|x86.Build.0 = Release|Win32
		{4C61BE8B-07F9-470D-9983-4FF432C73430}.Debug|x64.ActiveCfg = Debug|x64
		{4C61BE8B-07F9-470D-9983-4FF432C73430}.Debug|x64.Build.0 = Debug|x64
		{4C61BE8B-07F9-470D-9983-4FF432C73430}.Debug|x86.ActiveCfg = Debug|Win32
		{4C61BE8B-07F9-470D-9983-4FF432C73430}.Debug|x86.Build.0 = Debug|Win32
		{4C61BE8B-07F9-470D-9983-4FF432C73430}.Release|x64.ActiveCfg = Release|x64
		{4C61BE8B-07F9-470D-9983-4FF432C73430}.Release|x64.Build.0 = Release|x64
		{4C61BE8B-07F9-470D-9983-4FF432C73430}.Release|x86.ActiveCfg = Release|Win32
		{4C61BE8B-07F9-470D-9983-4FF432C73430}.Release|x86.Build.0 = Release|Win32
		{9F6CF423-EB0D-4E43-80FA-CDD12F2E8BFC}.Debug|x64.ActiveCfg = Debug|x64
		{9F6CF423-EB0D-4E43-80FA-CDD12F2E8BFC}.Debug|x64.Build.0 = Debug|x64
		{9F6CF423-EB0D-4E43-80FA-CDD12F2E8BFC}.Debug|x86.ActiveCfg = Debug|Win32
		{9F6CF423-EB0D-4E43-80FA-CDD12F2E8BFC}.Debug|x86.Build.0 = Debug|Win32
		{9F6CF423-EB0D-4E43-80FA-CDD12F2E8BFC}.Release|x64.ActiveCfg = Release|x64
		{9F6CF423-EB0D-4E43-80FA-CDD12F2E8BFC}.Release|x64.Build.0 = Release|x64
		{9F6CF423-EB0D-4E43-80FA-CDD12F2E8BFC}.Release|x86.ActiveCfg = Release|Win32
		{9F6CF423-EB0D-4E43-80FA-CDD12F2E8BFC}.Release|x86.Build.0 = Release|Win32
		{6972476A-1486-4503-9BB8-1638C4D46F45}.Debug|x64.ActiveCfg = Debug|x64
		{6972476A-1486-4503-9BB8-1638C4D46F45}.Debug|x64.Build.0 = Debug|x64
		{6972476A-1486-4503-9BB8-1638C4D46F45}.Debug|x86.ActiveCfg = Debug|Win32
		{6972476A-1486-4503-9BB8-1638C4D46F45}.Debug|x86.Build.0 = Debug|Win32
		{6972476A-1486-4503-9BB8-1638C4D46F45}.Release|x64.ActiveCfg = Release|x64
		{6972476A-1486-4503-9BB8-1638C4D46F45}.Release|x64.Build.0 = Release|x64
		{6972476A-1486-4503-9BB8-1638C4D46F45}.Release|x86.ActiveCfg = Release|Win32
		{6972476A-1486-4503-9BB8-1638C4D46F45}.Release|x86.Build.0 = Release|Win32
		{9399A5E2-6C97-4498-AD30-516244E3E0FE}.Debug|x64.ActiveCfg = Debug|x64
		{9399A5E2-6C97-4498-AD30-516244E3E0FE}.Debug|x64.Build.0 = Debug|x64
		{9399A5E2-6C97-4498-AD30-516244E3E0FE}.Debug|x86.ActiveCfg = Debug|Win32
		{9399A5E2-6C97-4498-AD30-516244E3E0FE}.Debug|x86.Build.0 = Debug|Win32
		{9399A5E2-6C97-4498-AD30-516244E3E0FE}.Release|x64.ActiveCfg = Release|x64
		{9399A5E2-6C97-4498-AD30-516244E3E0FE}.Release|x64.Build.0 = Release|x64
		{9399A5E2-6C97-4498-AD30-516244E3E0FE}.Release|x86.ActiveCfg = Release|Win32
		{9399A5E2-6C97-4498-AD30-516244E3E0FE}.Release|x86.Build.0 = Release|Win32
		{F90828EE-D1C3-4643-8057-EB7699DCEBE8}.Debug|x64.ActiveCfg = Debug|x64
		{F90828EE-D1C3-4643-8057-EB7699DCEBE8}.Debug|x64.Build.0 = Debug|x64
		{F90828EE-D1C3-4643-8057-EB7699DCEBE8}.Debug|x86.ActiveCfg = Debug|Win32
		{F90828EE-D1C3-4643-8057-EB7699DCEBE8}.Debug|x86.Build.0 = Debug|Win32
		{F90828EE-D1C3-4643-8057-EB7699DCEBE8}.Release|x64.ActiveCfg = Release|x64
		{F90828EE-D1C3-4643-8057-EB7699DCEBE8}.Release|x64.Build.0 = Release|x64
		{F90828EE-D1C3-4643-8057-EB7699DCEBE8}.Release|x86.ActiveCfg = Release|Win32
		{F90828EE-D1C3-4643-8057-EB7699DCEBE8}.Release|x86.Build.0 = Release|Win32
	EndGlobalSection
	GlobalSection(SolutionProperties) = preSolution
		HideSolutionNode = FALSE
	EndGlobalSection
	GlobalSection(ExtensibilityGlobals) = postSolution
		SolutionGuid = {8CEB61C8-82B9-4C5E-B367-71E641C2607A}
	EndGlobalSection
EndGlobal
