
Microsoft Visual Studio Solution File, Format Version 12.00
# Visual Studio Version 17
VisualStudioVersion = 17.7.34031.279
MinimumVisualStudioVersion = 10.0.40219.1
Project("{8BC9CEB8-8B4A-11D0-8D11-00A0C91BC942}") = "Class01th", "학원\학원.vcxproj", "{21F92126-33E9-4594-8700-5542D5B65B3E}"
EndProject
Project("{8BC9CEB8-8B4A-11D0-8D11-00A0C91BC942}") = "Class02th", "Class2th(constant)\Class2th(constant).vcxproj", "{7B32F577-D468-475C-91CC-BBEF4CFD07E5}"
EndProject
Project("{8BC9CEB8-8B4A-11D0-8D11-00A0C91BC942}") = "Class03th", "Class3th (Bit)\Class3th (Bit).vcxproj", "{BF1CED3E-84A6-488B-BBD2-EF51D0785D0D}"
EndProject
Project("{8BC9CEB8-8B4A-11D0-8D11-00A0C91BC942}") = "Class04th", "Class4th (Overflow  & underflow\Class4th (Overflow  & underflow.vcxproj", "{A54930BD-893E-4C95-930F-BAB6DA4D0FB8}"
EndProject
Project("{8BC9CEB8-8B4A-11D0-8D11-00A0C91BC942}") = "Class05th", "Class5th\Class5th.vcxproj", "{3FE61878-A3B2-4515-9793-2E6CCAF70985}"
EndProject
Project("{8BC9CEB8-8B4A-11D0-8D11-00A0C91BC942}") = "Class06th", "Class6th\Class6th.vcxproj", "{4C61BE8B-07F9-470D-9983-4FF432C73430}"
EndProject
Project("{8BC9CEB8-8B4A-11D0-8D11-00A0C91BC942}") = "Class07th", "Class7th\Class7th.vcxproj", "{9F6CF423-EB0D-4E43-80FA-CDD12F2E8BFC}"
EndProject
Project("{8BC9CEB8-8B4A-11D0-8D11-00A0C91BC942}") = "Class08th", "Class8th\Class8th.vcxproj", "{6972476A-1486-4503-9BB8-1638C4D46F45}"
EndProject
Project("{8BC9CEB8-8B4A-11D0-8D11-00A0C91BC942}") = "Class09th", "Class9th\Class9th.vcxproj", "{9399A5E2-6C97-4498-AD30-516244E3E0FE}"
EndProject
Project("{8BC9CEB8-8B4A-11D0-8D11-00A0C91BC942}") = "Class10th", "Class10th\Class10th.vcxproj", "{F90828EE-D1C3-4643-8057-EB7699DCEBE8}"
EndProject
Project("{8BC9CEB8-8B4A-11D0-8D11-00A0C91BC942}") = "Class11th", "Class11th\Class11th.vcxproj", "{562B7B33-D8B2-42CB-B942-597106F212FB}"
EndProject
Project("{8BC9CEB8-8B4A-11D0-8D11-00A0C91BC942}") = "Class12th", "Class12th\Class12th.vcxproj", "{F17AB9AA-2BCA-4C01-9B57-971E7BE0D4A2}"
EndProject
Project("{8BC9CEB8-8B4A-11D0-8D11-00A0C91BC942}") = "더미", "더미\더미.vcxproj", "{9DAFBF56-E8BF-4E9A-B881-AB98C327C933}"
EndProject
Project("{8BC9CEB8-8B4A-11D0-8D11-00A0C91BC942}") = "Class13th", "Class13th\Class13th.vcxproj", "{11C7A004-13D8-45FE-93A5-B6A01F0D04FE}"
EndProject
Project("{8BC9CEB8-8B4A-11D0-8D11-00A0C91BC942}") = "Class14th", "Class14th\Class14th.vcxproj", "{81C779F3-F7CA-4DA5-A2FA-F73965FEE25E}"
EndProject
Project("{8BC9CEB8-8B4A-11D0-8D11-00A0C91BC942}") = "Class15th", "Class15th\Class15th.vcxproj", "{14B88822-2F46-4204-B673-3B7EBF65E766}"
EndProject
Project("{8BC9CEB8-8B4A-11D0-8D11-00A0C91BC942}") = "Class16th", "Class16th\Class16th.vcxproj", "{9D7A7493-C289-4381-8618-54623315A66B}"
EndProject
Project("{8BC9CEB8-8B4A-11D0-8D11-00A0C91BC942}") = "Class17th", "Class17th\Class17th.vcxproj", "{27B2F098-4E37-4942-A78E-9A6CB056C047}"
EndProject
Project("{8BC9CEB8-8B4A-11D0-8D11-00A0C91BC942}") = "Class18th", "Class18th\Class18th.vcxproj", "{EC2226B1-AAEC-49E8-BFDC-2AEF954E0A09}"
EndProject
Project("{8BC9CEB8-8B4A-11D0-8D11-00A0C91BC942}") = "Class19th", "Class19th\Class19th.vcxproj", "{E536FCCD-E558-4670-BDF2-2BF8B2D3394A}"
EndProject
Project("{8BC9CEB8-8B4A-11D0-8D11-00A0C91BC942}") = "Class20th", "Class20th\Class20th.vcxproj", "{6B64C31F-60A6-463D-AFD3-794DCC4762A9}"
EndProject
Project("{8BC9CEB8-8B4A-11D0-8D11-00A0C91BC942}") = "Class21th", "Class21th\Class21th.vcxproj", "{23566A18-9B00-4E02-A9FD-671C15CA533E}"
EndProject
Global
	GlobalSection(SolutionConfigurationPlatforms) = preSolution
		Debug|x64 = Debug|x64
		Debug|x86 = Debug|x86
		Release|x64 = Release|x64
		Release|x86 = Release|x86
	EndGlobalSection
	GlobalSection(ProjectConfigurationPlatforms) = postSolution
		{21F92126-33E9-4594-8700-5542D5B65B3E}.Debug|x64.ActiveCfg = Debug|x64
		{21F92126-33E9-4594-8700-5542D5B65B3E}.Debug|x64.Build.0 = Debug|x64
		{21F92126-33E9-4594-8700-5542D5B65B3E}.Debug|x86.ActiveCfg = Debug|Win32
		{21F92126-33E9-4594-8700-5542D5B65B3E}.Debug|x86.Build.0 = Debug|Win32
		{21F92126-33E9-4594-8700-5542D5B65B3E}.Release|x64.ActiveCfg = Release|x64
		{21F92126-33E9-4594-8700-5542D5B65B3E}.Release|x64.Build.0 = Release|x64
		{21F92126-33E9-4594-8700-5542D5B65B3E}.Release|x86.ActiveCfg = Release|Win32
		{21F92126-33E9-4594-8700-5542D5B65B3E}.Release|x86.Build.0 = Release|Win32
		{7B32F577-D468-475C-91CC-BBEF4CFD07E5}.Debug|x64.ActiveCfg = Debug|x64
		{7B32F577-D468-475C-91CC-BBEF4CFD07E5}.Debug|x64.Build.0 = Debug|x64
		{7B32F577-D468-475C-91CC-BBEF4CFD07E5}.Debug|x86.ActiveCfg = Debug|Win32
		{7B32F577-D468-475C-91CC-BBEF4CFD07E5}.Debug|x86.Build.0 = Debug|Win32
		{7B32F577-D468-475C-91CC-BBEF4CFD07E5}.Release|x64.ActiveCfg = Release|x64
		{7B32F577-D468-475C-91CC-BBEF4CFD07E5}.Release|x64.Build.0 = Release|x64
		{7B32F577-D468-475C-91CC-BBEF4CFD07E5}.Release|x86.ActiveCfg = Release|Win32
		{7B32F577-D468-475C-91CC-BBEF4CFD07E5}.Release|x86.Build.0 = Release|Win32
		{BF1CED3E-84A6-488B-BBD2-EF51D0785D0D}.Debug|x64.ActiveCfg = Debug|x64
		{BF1CED3E-84A6-488B-BBD2-EF51D0785D0D}.Debug|x64.Build.0 = Debug|x64
		{BF1CED3E-84A6-488B-BBD2-EF51D0785D0D}.Debug|x86.ActiveCfg = Debug|Win32
		{BF1CED3E-84A6-488B-BBD2-EF51D0785D0D}.Debug|x86.Build.0 = Debug|Win32
		{BF1CED3E-84A6-488B-BBD2-EF51D0785D0D}.Release|x64.ActiveCfg = Release|x64
		{BF1CED3E-84A6-488B-BBD2-EF51D0785D0D}.Release|x64.Build.0 = Release|x64
		{BF1CED3E-84A6-488B-BBD2-EF51D0785D0D}.Release|x86.ActiveCfg = Release|Win32
		{BF1CED3E-84A6-488B-BBD2-EF51D0785D0D}.Release|x86.Build.0 = Release|Win32
		{A54930BD-893E-4C95-930F-BAB6DA4D0FB8}.Debug|x64.ActiveCfg = Debug|x64
		{A54930BD-893E-4C95-930F-BAB6DA4D0FB8}.Debug|x64.Build.0 = Debug|x64
		{A54930BD-893E-4C95-930F-BAB6DA4D0FB8}.Debug|x86.ActiveCfg = Debug|Win32
		{A54930BD-893E-4C95-930F-BAB6DA4D0FB8}.Debug|x86.Build.0 = Debug|Win32
		{A54930BD-893E-4C95-930F-BAB6DA4D0FB8}.Release|x64.ActiveCfg = Release|x64
		{A54930BD-893E-4C95-930F-BAB6DA4D0FB8}.Release|x64.Build.0 = Release|x64
		{A54930BD-893E-4C95-930F-BAB6DA4D0FB8}.Release|x86.ActiveCfg = Release|Win32
		{A54930BD-893E-4C95-930F-BAB6DA4D0FB8}.Release|x86.Build.0 = Release|Win32
		{3FE61878-A3B2-4515-9793-2E6CCAF70985}.Debug|x64.ActiveCfg = Debug|x64
		{3FE61878-A3B2-4515-9793-2E6CCAF70985}.Debug|x64.Build.0 = Debug|x64
		{3FE61878-A3B2-4515-9793-2E6CCAF70985}.Debug|x86.ActiveCfg = Debug|Win32
		{3FE61878-A3B2-4515-9793-2E6CCAF70985}.Debug|x86.Build.0 = Debug|Win32
		{3FE61878-A3B2-4515-9793-2E6CCAF70985}.Release|x64.ActiveCfg = Release|x64
		{3FE61878-A3B2-4515-9793-2E6CCAF70985}.Release|x64.Build.0 = Release|x64
		{3FE61878-A3B2-4515-9793-2E6CCAF70985}.Release|x86.ActiveCfg = Release|Win32
		{3FE61878-A3B2-4515-9793-2E6CCAF70985}.Release|x86.Build.0 = Release|Win32
		{4C61BE8B-07F9-470D-9983-4FF432C73430}.Debug|x64.ActiveCfg = Debug|x64
		{4C61BE8B-07F9-470D-9983-4FF432C73430}.Debug|x64.Build.0 = Debug|x64
		{4C61BE8B-07F9-470D-9983-4FF432C73430}.Debug|x86.ActiveCfg = Debug|Win32
		{4C61BE8B-07F9-470D-9983-4FF432C73430}.Debug|x86.Build.0 = Debug|Win32
		{4C61BE8B-07F9-470D-9983-4FF432C73430}.Release|x64.ActiveCfg = Release|x64
		{4C61BE8B-07F9-470D-9983-4FF432C73430}.Release|x64.Build.0 = Release|x64
		{4C61BE8B-07F9-470D-9983-4FF432C73430}.Release|x86.ActiveCfg = Release|Win32
		{4C61BE8B-07F9-470D-9983-4FF432C73430}.Release|x86.Build.0 = Release|Win32
		{9F6CF423-EB0D-4E43-80FA-CDD12F2E8BFC}.Debug|x64.ActiveCfg = Debug|x64
		{9F6CF423-EB0D-4E43-80FA-CDD12F2E8BFC}.Debug|x64.Build.0 = Debug|x64
		{9F6CF423-EB0D-4E43-80FA-CDD12F2E8BFC}.Debug|x86.ActiveCfg = Debug|Win32
		{9F6CF423-EB0D-4E43-80FA-CDD12F2E8BFC}.Debug|x86.Build.0 = Debug|Win32
		{9F6CF423-EB0D-4E43-80FA-CDD12F2E8BFC}.Release|x64.ActiveCfg = Release|x64
		{9F6CF423-EB0D-4E43-80FA-CDD12F2E8BFC}.Release|x64.Build.0 = Release|x64
		{9F6CF423-EB0D-4E43-80FA-CDD12F2E8BFC}.Release|x86.ActiveCfg = Release|Win32
		{9F6CF423-EB0D-4E43-80FA-CDD12F2E8BFC}.Release|x86.Build.0 = Release|Win32
		{6972476A-1486-4503-9BB8-1638C4D46F45}.Debug|x64.ActiveCfg = Debug|x64
		{6972476A-1486-4503-9BB8-1638C4D46F45}.Debug|x64.Build.0 = Debug|x64
		{6972476A-1486-4503-9BB8-1638C4D46F45}.Debug|x86.ActiveCfg = Debug|Win32
		{6972476A-1486-4503-9BB8-1638C4D46F45}.Debug|x86.Build.0 = Debug|Win32
		{6972476A-1486-4503-9BB8-1638C4D46F45}.Release|x64.ActiveCfg = Release|x64
		{6972476A-1486-4503-9BB8-1638C4D46F45}.Release|x64.Build.0 = Release|x64
		{6972476A-1486-4503-9BB8-1638C4D46F45}.Release|x86.ActiveCfg = Release|Win32
		{6972476A-1486-4503-9BB8-1638C4D46F45}.Release|x86.Build.0 = Release|Win32
		{9399A5E2-6C97-4498-AD30-516244E3E0FE}.Debug|x64.ActiveCfg = Debug|x64
		{9399A5E2-6C97-4498-AD30-516244E3E0FE}.Debug|x64.Build.0 = Debug|x64
		{9399A5E2-6C97-4498-AD30-516244E3E0FE}.Debug|x86.ActiveCfg = Debug|Win32
		{9399A5E2-6C97-4498-AD30-516244E3E0FE}.Debug|x86.Build.0 = Debug|Win32
		{9399A5E2-6C97-4498-AD30-516244E3E0FE}.Release|x64.ActiveCfg = Release|x64
		{9399A5E2-6C97-4498-AD30-516244E3E0FE}.Release|x64.Build.0 = Release|x64
		{9399A5E2-6C97-4498-AD30-516244E3E0FE}.Release|x86.ActiveCfg = Release|Win32
		{9399A5E2-6C97-4498-AD30-516244E3E0FE}.Release|x86.Build.0 = Release|Win32
		{F90828EE-D1C3-4643-8057-EB7699DCEBE8}.Debug|x64.ActiveCfg = Debug|x64
		{F90828EE-D1C3-4643-8057-EB7699DCEBE8}.Debug|x64.Build.0 = Debug|x64
		{F90828EE-D1C3-4643-8057-EB7699DCEBE8}.Debug|x86.ActiveCfg = Debug|Win32
		{F90828EE-D1C3-4643-8057-EB7699DCEBE8}.Debug|x86.Build.0 = Debug|Win32
		{F90828EE-D1C3-4643-8057-EB7699DCEBE8}.Release|x64.ActiveCfg = Release|x64
		{F90828EE-D1C3-4643-8057-EB7699DCEBE8}.Release|x64.Build.0 = Release|x64
		{F90828EE-D1C3-4643-8057-EB7699DCEBE8}.Release|x86.ActiveCfg = Release|Win32
		{F90828EE-D1C3-4643-8057-EB7699DCEBE8}.Release|x86.Build.0 = Release|Win32
		{562B7B33-D8B2-42CB-B942-597106F212FB}.Debug|x64.ActiveCfg = Debug|x64
		{562B7B33-D8B2-42CB-B942-597106F212FB}.Debug|x64.Build.0 = Debug|x64
		{562B7B33-D8B2-42CB-B942-597106F212FB}.Debug|x86.ActiveCfg = Debug|Win32
		{562B7B33-D8B2-42CB-B942-597106F212FB}.Debug|x86.Build.0 = Debug|Win32
		{562B7B33-D8B2-42CB-B942-597106F212FB}.Release|x64.ActiveCfg = Release|x64
		{562B7B33-D8B2-42CB-B942-597106F212FB}.Release|x64.Build.0 = Release|x64
		{562B7B33-D8B2-42CB-B942-597106F212FB}.Release|x86.ActiveCfg = Release|Win32
		{562B7B33-D8B2-42CB-B942-597106F212FB}.Release|x86.Build.0 = Release|Win32
		{F17AB9AA-2BCA-4C01-9B57-971E7BE0D4A2}.Debug|x64.ActiveCfg = Debug|x64
		{F17AB9AA-2BCA-4C01-9B57-971E7BE0D4A2}.Debug|x64.Build.0 = Debug|x64
		{F17AB9AA-2BCA-4C01-9B57-971E7BE0D4A2}.Debug|x86.ActiveCfg = Debug|Win32
		{F17AB9AA-2BCA-4C01-9B57-971E7BE0D4A2}.Debug|x86.Build.0 = Debug|Win32
		{F17AB9AA-2BCA-4C01-9B57-971E7BE0D4A2}.Release|x64.ActiveCfg = Release|x64
		{F17AB9AA-2BCA-4C01-9B57-971E7BE0D4A2}.Release|x64.Build.0 = Release|x64
		{F17AB9AA-2BCA-4C01-9B57-971E7BE0D4A2}.Release|x86.ActiveCfg = Release|Win32
		{F17AB9AA-2BCA-4C01-9B57-971E7BE0D4A2}.Release|x86.Build.0 = Release|Win32
		{9DAFBF56-E8BF-4E9A-B881-AB98C327C933}.Debug|x64.ActiveCfg = Debug|x64
		{9DAFBF56-E8BF-4E9A-B881-AB98C327C933}.Debug|x64.Build.0 = Debug|x64
		{9DAFBF56-E8BF-4E9A-B881-AB98C327C933}.Debug|x86.ActiveCfg = Debug|Win32
		{9DAFBF56-E8BF-4E9A-B881-AB98C327C933}.Debug|x86.Build.0 = Debug|Win32
		{9DAFBF56-E8BF-4E9A-B881-AB98C327C933}.Release|x64.ActiveCfg = Release|x64
		{9DAFBF56-E8BF-4E9A-B881-AB98C327C933}.Release|x64.Build.0 = Release|x64
		{9DAFBF56-E8BF-4E9A-B881-AB98C327C933}.Release|x86.ActiveCfg = Release|Win32
		{9DAFBF56-E8BF-4E9A-B881-AB98C327C933}.Release|x86.Build.0 = Release|Win32
		{11C7A004-13D8-45FE-93A5-B6A01F0D04FE}.Debug|x64.ActiveCfg = Debug|x64
		{11C7A004-13D8-45FE-93A5-B6A01F0D04FE}.Debug|x64.Build.0 = Debug|x64
		{11C7A004-13D8-45FE-93A5-B6A01F0D04FE}.Debug|x86.ActiveCfg = Debug|Win32
		{11C7A004-13D8-45FE-93A5-B6A01F0D04FE}.Debug|x86.Build.0 = Debug|Win32
		{11C7A004-13D8-45FE-93A5-B6A01F0D04FE}.Release|x64.ActiveCfg = Release|x64
		{11C7A004-13D8-45FE-93A5-B6A01F0D04FE}.Release|x64.Build.0 = Release|x64
		{11C7A004-13D8-45FE-93A5-B6A01F0D04FE}.Release|x86.ActiveCfg = Release|Win32
		{11C7A004-13D8-45FE-93A5-B6A01F0D04FE}.Release|x86.Build.0 = Release|Win32
		{81C779F3-F7CA-4DA5-A2FA-F73965FEE25E}.Debug|x64.ActiveCfg = Debug|x64
		{81C779F3-F7CA-4DA5-A2FA-F73965FEE25E}.Debug|x64.Build.0 = Debug|x64
		{81C779F3-F7CA-4DA5-A2FA-F73965FEE25E}.Debug|x86.ActiveCfg = Debug|Win32
		{81C779F3-F7CA-4DA5-A2FA-F73965FEE25E}.Debug|x86.Build.0 = Debug|Win32
		{81C779F3-F7CA-4DA5-A2FA-F73965FEE25E}.Release|x64.ActiveCfg = Release|x64
		{81C779F3-F7CA-4DA5-A2FA-F73965FEE25E}.Release|x64.Build.0 = Release|x64
		{81C779F3-F7CA-4DA5-A2FA-F73965FEE25E}.Release|x86.ActiveCfg = Release|Win32
		{81C779F3-F7CA-4DA5-A2FA-F73965FEE25E}.Release|x86.Build.0 = Release|Win32
		{14B88822-2F46-4204-B673-3B7EBF65E766}.Debug|x64.ActiveCfg = Debug|x64
		{14B88822-2F46-4204-B673-3B7EBF65E766}.Debug|x64.Build.0 = Debug|x64
		{14B88822-2F46-4204-B673-3B7EBF65E766}.Debug|x86.ActiveCfg = Debug|Win32
		{14B88822-2F46-4204-B673-3B7EBF65E766}.Debug|x86.Build.0 = Debug|Win32
		{14B88822-2F46-4204-B673-3B7EBF65E766}.Release|x64.ActiveCfg = Release|x64
		{14B88822-2F46-4204-B673-3B7EBF65E766}.Release|x64.Build.0 = Release|x64
		{14B88822-2F46-4204-B673-3B7EBF65E766}.Release|x86.ActiveCfg = Release|Win32
		{14B88822-2F46-4204-B673-3B7EBF65E766}.Release|x86.Build.0 = Release|Win32
		{9D7A7493-C289-4381-8618-54623315A66B}.Debug|x64.ActiveCfg = Debug|x64
		{9D7A7493-C289-4381-8618-54623315A66B}.Debug|x64.Build.0 = Debug|x64
		{9D7A7493-C289-4381-8618-54623315A66B}.Debug|x86.ActiveCfg = Debug|Win32
		{9D7A7493-C289-4381-8618-54623315A66B}.Debug|x86.Build.0 = Debug|Win32
		{9D7A7493-C289-4381-8618-54623315A66B}.Release|x64.ActiveCfg = Release|x64
		{9D7A7493-C289-4381-8618-54623315A66B}.Release|x64.Build.0 = Release|x64
		{9D7A7493-C289-4381-8618-54623315A66B}.Release|x86.ActiveCfg = Release|Win32
		{9D7A7493-C289-4381-8618-54623315A66B}.Release|x86.Build.0 = Release|Win32
		{27B2F098-4E37-4942-A78E-9A6CB056C047}.Debug|x64.ActiveCfg = Debug|x64
		{27B2F098-4E37-4942-A78E-9A6CB056C047}.Debug|x64.Build.0 = Debug|x64
		{27B2F098-4E37-4942-A78E-9A6CB056C047}.Debug|x86.ActiveCfg = Debug|Win32
		{27B2F098-4E37-4942-A78E-9A6CB056C047}.Debug|x86.Build.0 = Debug|Win32
		{27B2F098-4E37-4942-A78E-9A6CB056C047}.Release|x64.ActiveCfg = Release|x64
		{27B2F098-4E37-4942-A78E-9A6CB056C047}.Release|x64.Build.0 = Release|x64
		{27B2F098-4E37-4942-A78E-9A6CB056C047}.Release|x86.ActiveCfg = Release|Win32
		{27B2F098-4E37-4942-A78E-9A6CB056C047}.Release|x86.Build.0 = Release|Win32
		{EC2226B1-AAEC-49E8-BFDC-2AEF954E0A09}.Debug|x64.ActiveCfg = Debug|x64
		{EC2226B1-AAEC-49E8-BFDC-2AEF954E0A09}.Debug|x64.Build.0 = Debug|x64
		{EC2226B1-AAEC-49E8-BFDC-2AEF954E0A09}.Debug|x86.ActiveCfg = Debug|Win32
		{EC2226B1-AAEC-49E8-BFDC-2AEF954E0A09}.Debug|x86.Build.0 = Debug|Win32
		{EC2226B1-AAEC-49E8-BFDC-2AEF954E0A09}.Release|x64.ActiveCfg = Release|x64
		{EC2226B1-AAEC-49E8-BFDC-2AEF954E0A09}.Release|x64.Build.0 = Release|x64
		{EC2226B1-AAEC-49E8-BFDC-2AEF954E0A09}.Release|x86.ActiveCfg = Release|Win32
		{EC2226B1-AAEC-49E8-BFDC-2AEF954E0A09}.Release|x86.Build.0 = Release|Win32
		{E536FCCD-E558-4670-BDF2-2BF8B2D3394A}.Debug|x64.ActiveCfg = Debug|x64
		{E536FCCD-E558-4670-BDF2-2BF8B2D3394A}.Debug|x64.Build.0 = Debug|x64
		{E536FCCD-E558-4670-BDF2-2BF8B2D3394A}.Debug|x86.ActiveCfg = Debug|Win32
		{E536FCCD-E558-4670-BDF2-2BF8B2D3394A}.Debug|x86.Build.0 = Debug|Win32
		{E536FCCD-E558-4670-BDF2-2BF8B2D3394A}.Release|x64.ActiveCfg = Release|x64
		{E536FCCD-E558-4670-BDF2-2BF8B2D3394A}.Release|x64.Build.0 = Release|x64
		{E536FCCD-E558-4670-BDF2-2BF8B2D3394A}.Release|x86.ActiveCfg = Release|Win32
		{E536FCCD-E558-4670-BDF2-2BF8B2D3394A}.Release|x86.Build.0 = Release|Win32
		{6B64C31F-60A6-463D-AFD3-794DCC4762A9}.Debug|x64.ActiveCfg = Debug|x64
		{6B64C31F-60A6-463D-AFD3-794DCC4762A9}.Debug|x64.Build.0 = Debug|x64
		{6B64C31F-60A6-463D-AFD3-794DCC4762A9}.Debug|x86.ActiveCfg = Debug|Win32
		{6B64C31F-60A6-463D-AFD3-794DCC4762A9}.Debug|x86.Build.0 = Debug|Win32
		{6B64C31F-60A6-463D-AFD3-794DCC4762A9}.Release|x64.ActiveCfg = Release|x64
		{6B64C31F-60A6-463D-AFD3-794DCC4762A9}.Release|x64.Build.0 = Release|x64
		{6B64C31F-60A6-463D-AFD3-794DCC4762A9}.Release|x86.ActiveCfg = Release|Win32
		{6B64C31F-60A6-463D-AFD3-794DCC4762A9}.Release|x86.Build.0 = Release|Win32
		{23566A18-9B00-4E02-A9FD-671C15CA533E}.Debug|x64.ActiveCfg = Debug|x64
		{23566A18-9B00-4E02-A9FD-671C15CA533E}.Debug|x64.Build.0 = Debug|x64
		{23566A18-9B00-4E02-A9FD-671C15CA533E}.Debug|x86.ActiveCfg = Debug|Win32
		{23566A18-9B00-4E02-A9FD-671C15CA533E}.Debug|x86.Build.0 = Debug|Win32
		{23566A18-9B00-4E02-A9FD-671C15CA533E}.Release|x64.ActiveCfg = Release|x64
		{23566A18-9B00-4E02-A9FD-671C15CA533E}.Release|x64.Build.0 = Release|x64
		{23566A18-9B00-4E02-A9FD-671C15CA533E}.Release|x86.ActiveCfg = Release|Win32
		{23566A18-9B00-4E02-A9FD-671C15CA533E}.Release|x86.Build.0 = Release|Win32
	EndGlobalSection
	GlobalSection(SolutionProperties) = preSolution
		HideSolutionNode = FALSE
	EndGlobalSection
	GlobalSection(ExtensibilityGlobals) = postSolution
		SolutionGuid = {8CEB61C8-82B9-4C5E-B367-71E641C2607A}
	EndGlobalSection
EndGlobal
